{
  "R": {
    "Version": "3.5.3",
    "Repositories": [
      {
        "Name": "CRAN",
        "URL": "https://cran.rstudio.com"
      }
    ]
  },
  "Bioconductor": {
    "Version": "3.8"
  },
  "Packages": {
    "BART": {
      "Package": "BART",
      "Version": "2.7",
      "Source": "Repository",
      "Repository": "CRAN",
      "Hash": "1b73e43ad66346d7a0230deb73688e22"
    },
    "BH": {
      "Package": "BH",
      "Version": "1.72.0-2",
      "Source": "Repository",
      "Repository": "CRAN",
      "Hash": "00d67366d2b1bbd0a4dd0279817a66d4"
    },
    "BiocGenerics": {
      "Package": "BiocGenerics",
      "Version": "0.28.0",
      "Source": "Bioconductor",
      "Hash": "6e2b945d12e9e01cb0602ce6fbfb8841"
    },
    "BiocManager": {
      "Package": "BiocManager",
      "Version": "1.30.10",
      "Source": "Repository",
      "Repository": "CRAN",
      "Hash": "db75371846625725e221470b310da1d5"
    },
    "BiocVersion": {
      "Package": "BiocVersion",
      "Version": "3.8.0",
      "Source": "Bioconductor",
      "Hash": "5b2b57b3c79f2c245c301dfd9927d330"
    },
    "Boom": {
      "Package": "Boom",
      "Version": "0.9.3",
      "Source": "Repository",
      "Repository": "CRAN",
      "Hash": "3fe5a934ff96c08a4b0f78e33eff1a5d"
    },
    "BoomSpikeSlab": {
      "Package": "BoomSpikeSlab",
      "Version": "1.2.1",
      "Source": "Repository",
      "Repository": "CRAN",
      "Hash": "c196d723afa4efff134737ef36f64c74"
    },
    "CAM": {
      "Package": "CAM",
      "Version": "1.0",
      "Source": "Repository",
      "Repository": "CRAN",
      "Hash": "b87e200f5d2e630dae14a573ad0b887d"
    },
    "CausalImpact": {
      "Package": "CausalImpact",
      "Version": "1.2.3",
      "Source": "Repository",
      "Repository": "CRAN",
      "Hash": "05256a7b978900a12ae6f83573051538"
    },
    "DBI": {
      "Package": "DBI",
      "Version": "1.1.0",
      "Source": "Repository",
      "Repository": "CRAN",
      "Hash": "4744be45519d675af66c28478720fce5"
    },
    "DEoptimR": {
      "Package": "DEoptimR",
      "Version": "1.0-8",
      "Source": "Repository",
      "Repository": "CRAN",
      "Hash": "4fdd17df6c1b897cb59bdd9cf6621a43"
    },
    "FNN": {
      "Package": "FNN",
      "Version": "1.1.3",
      "Source": "Repository",
      "Repository": "CRAN",
      "Hash": "b56998fff55e4a4b4860ad6e8c67e0f9"
    },
    "FactoMineR": {
      "Package": "FactoMineR",
      "Version": "2.0",
      "Source": "Repository",
      "Repository": "CRAN",
      "Hash": "4bc153abd96c1f577dd53b9e4c3ddd62"
    },
    "Formula": {
      "Package": "Formula",
      "Version": "1.2-3",
      "Source": "Repository",
      "Repository": "CRAN",
      "Hash": "0537b6f1f38ea1fd514089192724bb6e"
    },
    "GPfit": {
      "Package": "GPfit",
      "Version": "1.0-8",
      "Source": "Repository",
      "Repository": "CRAN",
      "Hash": "29a7dccade1fd037c8262c2a239775eb"
    },
    "KernSmooth": {
      "Package": "KernSmooth",
      "Version": "2.23-16",
      "Source": "Repository",
      "Repository": "CRAN",
      "Hash": "997471f25a7ed6c782f0090ce52cc63a"
    },
    "MASS": {
      "Package": "MASS",
      "Version": "7.3-51.5",
      "Source": "Repository",
      "Repository": "CRAN",
      "Hash": "9efe80472b21189ebab1b74169808c26"
    },
    "Matrix": {
      "Package": "Matrix",
      "Version": "1.2-18",
      "Source": "Repository",
      "Repository": "CRAN",
      "Hash": "08588806cba69f04797dab50627428ed"
    },
    "MatrixModels": {
      "Package": "MatrixModels",
      "Version": "0.4-1",
      "Source": "Repository",
      "Repository": "CRAN",
      "Hash": "d57ac35220b39c591388ab3a080f9cbe"
    },
    "Metrics": {
      "Package": "Metrics",
      "Version": "0.1.4",
      "Source": "Repository",
      "Repository": "CRAN",
      "Hash": "1fdc9b3adfe2e2f8f77c22a59cf322ec"
    },
    "ModelMetrics": {
      "Package": "ModelMetrics",
      "Version": "1.2.2",
      "Source": "Repository",
      "Repository": "CRAN",
      "Hash": "d85508dd2162bf34aaf15d6a022e42e5"
    },
    "R6": {
      "Package": "R6",
      "Version": "2.4.1",
      "Source": "Repository",
      "Repository": "CRAN",
      "Hash": "292b54f8f4b94669b08f94e5acce6be2"
    },
    "RBGL": {
      "Package": "RBGL",
      "Version": "1.58.2",
      "Source": "Bioconductor",
      "Hash": "b4f9c4d7b2da975f425ca6a0e27bbf68"
    },
    "RColorBrewer": {
      "Package": "RColorBrewer",
      "Version": "1.1-2",
      "Source": "Repository",
      "Repository": "CRAN",
      "Hash": "e031418365a7f7a766181ab5a41a5716"
    },
    "Rcpp": {
      "Package": "Rcpp",
      "Version": "1.0.3",
      "Source": "Repository",
      "Repository": "CRAN",
      "Hash": "f3ca785924863b0e4c8cb23b6a5c75a1"
    },
    "RcppArmadillo": {
      "Package": "RcppArmadillo",
      "Version": "0.9.800.3.0",
      "Source": "Repository",
      "Repository": "CRAN",
      "Hash": "0f1dd78cdd147c72d7c8f652391c61b2"
    },
    "RcppEigen": {
      "Package": "RcppEigen",
      "Version": "0.3.3.7.0",
      "Source": "Repository",
      "Repository": "CRAN",
      "Hash": "c6faf038ba4346b1de19ad7c99b8f94a"
    },
    "ReinforcementLearning": {
      "Package": "ReinforcementLearning",
      "Version": "1.0.4",
      "Source": "Repository",
      "Repository": "CRAN",
      "Hash": "7f5a53c90ba75077583eeef4e4e6ea7f"
    },
    "Rgraphviz": {
      "Package": "Rgraphviz",
      "Version": "2.26.0",
      "Source": "Bioconductor",
      "Hash": "abf54daf2888bef5a58032a26ce941e7"
    },
    "SQUAREM": {
      "Package": "SQUAREM",
      "Version": "2017.10-1",
      "Source": "Repository",
      "Repository": "CRAN",
      "Hash": "5f2dab05aaaf51d7f87cf7ecbbe07541"
    },
    "SparseM": {
      "Package": "SparseM",
      "Version": "1.78",
      "Source": "Repository",
      "Repository": "CRAN",
      "Hash": "fbe4ac267bf42a91e495cc68ad3f8b63"
    },
    "TTR": {
      "Package": "TTR",
      "Version": "0.23-6",
      "Source": "Repository",
      "Repository": "CRAN",
      "Hash": "fa1289136d3861f34dd0af6f7e9d7ac9"
    },
    "abind": {
      "Package": "abind",
      "Version": "1.4-5",
      "Source": "Repository",
      "Repository": "CRAN",
      "Hash": "4f57884290cc75ab22f4af9e9d4ca862"
    },
    "adabag": {
      "Package": "adabag",
      "Version": "4.2",
      "Source": "Repository",
      "Repository": "CRAN",
      "Hash": "3841e232ec3ad7fa01a5e2d3926d446a"
    },
    "askpass": {
      "Package": "askpass",
      "Version": "1.1",
      "Source": "Repository",
      "Repository": "CRAN",
      "Hash": "e8a22846fff485f0be3770c2da758713"
    },
    "assertthat": {
      "Package": "assertthat",
      "Version": "0.2.1",
      "Source": "Repository",
      "Repository": "CRAN",
      "Hash": "50c838a310445e954bc13f26f26a6ecf"
    },
    "backports": {
      "Package": "backports",
      "Version": "1.1.5",
      "Source": "Repository",
      "Repository": "CRAN",
      "Hash": "e9f705633dc932bfd5b02b17a5053a06"
    },
    "base64enc": {
      "Package": "base64enc",
      "Version": "0.1-3",
      "Source": "Repository",
      "Repository": "CRAN",
      "Hash": "543776ae6848fde2f48ff3816d0628bc"
    },
    "bdsmatrix": {
      "Package": "bdsmatrix",
      "Version": "1.3-3",
      "Source": "Repository",
      "Repository": "CRAN",
      "Hash": "8047d2b1948cc0d90afeffaacc97d7f6"
    },
    "bitops": {
      "Package": "bitops",
      "Version": "1.0-6",
      "Source": "Repository",
      "Repository": "CRAN",
      "Hash": "0b118d5900596bae6c4d4865374536a6"
    },
    "bookdown": {
      "Package": "bookdown",
      "Version": "0.16",
      "Source": "Repository",
      "Repository": "CRAN",
      "Hash": "224429a9fded5e2933a6f4ce3568a743"
    },
    "boot": {
      "Package": "boot",
      "Version": "1.3-24",
      "Source": "Repository",
      "Repository": "CRAN",
      "Hash": "72557d88b5f42f01221dfa436de99301"
    },
    "breakDown": {
      "Package": "breakDown",
      "Version": "0.1.6",
      "Source": "Repository",
      "Repository": "CRAN",
      "Hash": "51b47b8a9970b4d4c2ef75773025ab47"
    },
    "broom": {
      "Package": "broom",
      "Version": "0.5.3",
      "Source": "Repository",
      "Repository": "CRAN",
      "Hash": "e462266fa373879ac10b8ba0529d5935"
    },
    "bsts": {
      "Package": "bsts",
      "Version": "0.9.2",
      "Source": "Repository",
      "Repository": "CRAN",
      "Hash": "6c3cade688ee862936752c5d353d6fa8"
    },
    "caTools": {
      "Package": "caTools",
      "Version": "1.17.1.3",
      "Source": "Repository",
      "Repository": "CRAN",
      "Hash": "34ef23ef9de13d9c7c47a21cff0c7220"
    },
    "callr": {
      "Package": "callr",
      "Version": "3.4.0",
      "Source": "Repository",
      "Repository": "CRAN",
      "Hash": "f73f76ba9c2c23cbe3a7657f7411ddc4"
    },
    "car": {
      "Package": "car",
      "Version": "3.0-6",
      "Source": "Repository",
      "Repository": "CRAN",
      "Hash": "e3fe5ccce5dc63ced4e7514ade5afd59"
    },
    "carData": {
      "Package": "carData",
      "Version": "3.0-3",
      "Source": "Repository",
      "Repository": "CRAN",
      "Hash": "ce8a71dc9ad09a28bae9b17f9d38e928"
    },
    "caret": {
      "Package": "caret",
      "Version": "6.0-84",
      "Source": "Repository",
      "Repository": "CRAN",
      "Hash": "07113ea86bfb3676cadf3662fdf5b17a"
    },
    "cellranger": {
      "Package": "cellranger",
      "Version": "1.1.0",
      "Source": "Repository",
      "Repository": "CRAN",
      "Hash": "f61dbaec772ccd2e17705c1e872e9e7c"
    },
    "checkmate": {
      "Package": "checkmate",
      "Version": "1.9.4",
      "Source": "Repository",
      "Repository": "CRAN",
      "Hash": "4704086e092041b648573fe97235f7de"
    },
    "class": {
      "Package": "class",
      "Version": "7.3-15",
      "Source": "Repository",
      "Repository": "CRAN",
      "Hash": "4fba6a022803b6c3f30fd023be3fa818"
    },
    "cli": {
      "Package": "cli",
      "Version": "2.0.0",
      "Source": "Repository",
      "Repository": "CRAN",
      "Hash": "f41a3aa27b911750a6526b450d0b8ea4"
    },
    "clipr": {
      "Package": "clipr",
      "Version": "0.7.0",
      "Source": "Repository",
      "Repository": "CRAN",
      "Hash": "08cf4045c149a0f0eaf405324c7495bd"
    },
    "clue": {
      "Package": "clue",
      "Version": "0.3-57",
      "Source": "Repository",
      "Repository": "CRAN",
      "Hash": "c4dcf2e9abe03e3f2c183bbe07461ddc"
    },
    "cluster": {
      "Package": "cluster",
      "Version": "2.1.0",
      "Source": "Repository",
      "Repository": "CRAN",
      "Hash": "db63a44aab5aadcb6bf2f129751d129a"
    },
    "coda": {
      "Package": "coda",
      "Version": "0.19-3",
      "Source": "Repository",
      "Repository": "CRAN",
      "Hash": "b177892d05d94358d282fcc303799593"
    },
    "codetools": {
      "Package": "codetools",
      "Version": "0.2-16",
      "Source": "Repository",
      "Repository": "CRAN",
      "Hash": "89cf4b8207269ccf82fbeb6473fd662b"
    },
    "colorspace": {
      "Package": "colorspace",
      "Version": "1.4-1",
      "Source": "Repository",
      "Repository": "CRAN",
      "Hash": "6b436e95723d1f0e861224dd9b094dfb"
    },
    "config": {
      "Package": "config",
      "Version": "0.3",
      "Source": "Repository",
      "Repository": "CRAN",
      "Hash": "76268942467fa8ba171e9aa34203ee2a"
    },
    "corpcor": {
      "Package": "corpcor",
      "Version": "1.6.9",
      "Source": "Repository",
      "Repository": "CRAN",
      "Hash": "ae01381679f4511ca7a72d55fe175213"
    },
    "cowplot": {
      "Package": "cowplot",
      "Version": "1.0.0",
      "Source": "Repository",
      "Repository": "CRAN",
      "Hash": "82bae0172ae9d4c4f88a440ad01f73bb"
    },
    "crayon": {
      "Package": "crayon",
      "Version": "1.3.4",
      "Source": "Repository",
      "Repository": "CRAN",
      "Hash": "0d57bc8e27b7ba9e45dba825ebc0de6b"
    },
    "curl": {
      "Package": "curl",
      "Version": "4.3",
      "Source": "Repository",
      "Repository": "CRAN",
      "Hash": "2b7d10581cc730804e9ed178c8374bd6"
    },
    "data.table": {
      "Package": "data.table",
      "Version": "1.12.8",
      "Source": "Repository",
      "Repository": "CRAN",
      "Hash": "cd711af60c47207a776213a368626369"
    },
    "dbplyr": {
      "Package": "dbplyr",
      "Version": "1.4.2",
      "Source": "Repository",
      "Repository": "CRAN",
      "Hash": "022c8630abecb00f22740d021ab89595"
    },
    "dendextend": {
      "Package": "dendextend",
      "Version": "1.13.2",
      "Source": "Repository",
      "Repository": "CRAN",
      "Hash": "1eb3e35f73228d376b8e45b811ff20f2"
    },
    "digest": {
      "Package": "digest",
      "Version": "0.6.23",
      "Source": "Repository",
      "Repository": "CRAN",
      "Hash": "931fd68809dab4609b4d4b5702206066"
    },
    "doParallel": {
      "Package": "doParallel",
      "Version": "1.0.15",
      "Source": "Repository",
      "Repository": "CRAN",
      "Hash": "1886c5bce3d9c0b4f9d0b113d76f9357"
    },
    "dplyr": {
      "Package": "dplyr",
      "Version": "0.8.3",
      "Source": "Repository",
      "Repository": "CRAN",
      "Hash": "c426258a806b7e69613432b197b9954d"
    },
    "dummies": {
      "Package": "dummies",
      "Version": "1.5.6",
      "Source": "Repository",
      "Repository": "CRAN",
      "Hash": "d0f036a9fcc127e756f5c61eefd76279"
    },
    "e1071": {
      "Package": "e1071",
      "Version": "1.7-3",
      "Source": "Repository",
      "Repository": "CRAN",
      "Hash": "728e85416ffc90743054c1ac04486d69"
    },
    "ellipse": {
      "Package": "ellipse",
      "Version": "0.4.1",
      "Source": "Repository",
      "Repository": "CRAN",
      "Hash": "6a8210d1c9a46da8aa92b976222a7b26"
    },
    "ellipsis": {
      "Package": "ellipsis",
      "Version": "0.3.0",
      "Source": "Repository",
      "Repository": "CRAN",
      "Hash": "7067d90c1c780bfe80c0d497e3d7b49d"
    },
    "evaluate": {
      "Package": "evaluate",
      "Version": "0.14",
      "Source": "Repository",
      "Repository": "CRAN",
      "Hash": "ec8ca05cffcc70569eaaad8469d2a3a7"
    },
    "factoextra": {
      "Package": "factoextra",
      "Version": "1.0.6",
      "Source": "Repository",
      "Repository": "CRAN",
      "Hash": "1f45d13c2191d9a7f517e809da93628b"
    },
    "fansi": {
      "Package": "fansi",
      "Version": "0.4.0",
      "Source": "Repository",
      "Repository": "CRAN",
      "Hash": "b31d9e5d051553d1177083aeba04b5b9"
    },
    "farver": {
      "Package": "farver",
      "Version": "2.0.1",
      "Source": "Repository",
      "Repository": "CRAN",
      "Hash": "e1e33215c942e78d2128221079b5dc35"
    },
    "fastAdaboost": {
      "Package": "fastAdaboost",
      "Version": "1.0.0",
      "Source": "Repository",
      "Repository": "CRAN",
      "Hash": "70951894acc257d4f6852bdb7b3dfe97"
    },
    "fastICA": {
      "Package": "fastICA",
      "Version": "1.2-2",
      "Source": "Repository",
      "Repository": "CRAN",
      "Hash": "140738e71293e14905650334c39a485d"
    },
    "fastmap": {
      "Package": "fastmap",
      "Version": "1.0.1",
      "Source": "Repository",
      "Repository": "CRAN",
      "Hash": "83ab58a0518afe3d17e41da01af13b60"
    },
    "flashClust": {
      "Package": "flashClust",
      "Version": "1.01-2",
      "Source": "Repository",
      "Repository": "CRAN",
      "Hash": "09fb526c49460c4933bc077db6eba924"
    },
    "forcats": {
      "Package": "forcats",
      "Version": "0.4.0",
      "Source": "Repository",
      "Repository": "CRAN",
      "Hash": "c6a8cdc67d337ac3df901b0ea73b8cec"
    },
    "foreach": {
      "Package": "foreach",
      "Version": "1.4.7",
      "Source": "Repository",
      "Repository": "CRAN",
      "Hash": "5c52b519714c1d0fc5efca58f74918fe"
    },
    "forecast": {
      "Package": "forecast",
      "Version": "8.10",
      "Source": "Repository",
      "Repository": "CRAN",
      "Hash": "4d03cf504e05298d26ae077c99f22ff8"
    },
    "foreign": {
      "Package": "foreign",
      "Version": "0.8-74",
      "Source": "Repository",
      "Repository": "CRAN",
      "Hash": "fbd213a1d55f4709d295304300f3d95d"
    },
    "fracdiff": {
      "Package": "fracdiff",
      "Version": "1.5-0",
      "Source": "Repository",
      "Repository": "CRAN",
      "Hash": "ab43e546f6708aa7c53083fd95759702"
    },
    "fs": {
      "Package": "fs",
      "Version": "1.3.1",
      "Source": "Repository",
      "Repository": "CRAN",
      "Hash": "0e26be4558dbbc713d7cfe4a4c361f38"
    },
    "generics": {
      "Package": "generics",
      "Version": "0.0.2",
      "Source": "Repository",
      "Repository": "CRAN",
      "Hash": "b8cff1d1391fd1ad8b65877f4c7f2e53"
    },
    "ggm": {
      "Package": "ggm",
      "Version": "2.3",
      "Source": "Repository",
      "Repository": "CRAN",
      "Hash": "37fc3af4b92d6a664d4fde8d924beece"
    },
    "ggplot2": {
      "Package": "ggplot2",
      "Version": "3.2.1",
      "Source": "Repository",
      "Repository": "CRAN",
      "Hash": "9ac60f09a2f437af8df8638ef3da0288"
    },
    "ggpubr": {
      "Package": "ggpubr",
      "Version": "0.2.4",
      "Source": "Repository",
      "Repository": "CRAN",
      "Hash": "1c55ee228d9a2e054374030ae564196c"
    },
    "ggrepel": {
      "Package": "ggrepel",
      "Version": "0.8.1",
      "Source": "Repository",
      "Repository": "CRAN",
      "Hash": "d2d969d2ca127dbb2da60b5a20ee7234"
    },
    "ggsci": {
      "Package": "ggsci",
      "Version": "2.9",
      "Source": "Repository",
      "Repository": "CRAN",
      "Hash": "81ccb8213ed592598210afd10c3a5936"
    },
    "ggsignif": {
      "Package": "ggsignif",
      "Version": "0.6.0",
      "Source": "Repository",
      "Repository": "CRAN",
      "Hash": "3e9b8a51dfdc95395632b25ce3ce8ebc"
    },
    "glmnet": {
      "Package": "glmnet",
      "Version": "2.0-16",
      "Source": "Repository",
      "Repository": "CRAN",
      "Hash": "ac94187f0f9c5cf9634887f597726615"
    },
    "glue": {
      "Package": "glue",
      "Version": "1.3.1",
      "Source": "Repository",
      "Repository": "CRAN",
      "Hash": "d4e25697c450c01b202c79ef35694a83"
    },
    "gower": {
      "Package": "gower",
      "Version": "0.2.1",
      "Source": "Repository",
      "Repository": "CRAN",
      "Hash": "1e7e711f2f87cc3a326f7f406815d019"
    },
    "graph": {
      "Package": "graph",
      "Version": "1.60.0",
      "Source": "Bioconductor",
      "Hash": "30c1608eb0d4f89dc190e4a653ac55da"
    },
    "gridExtra": {
      "Package": "gridExtra",
      "Version": "2.3",
      "Source": "Repository",
      "Repository": "CRAN",
      "Hash": "7d7f283939f563670a697165b2cf5560"
    },
    "gtable": {
      "Package": "gtable",
      "Version": "0.3.0",
      "Source": "Repository",
      "Repository": "CRAN",
      "Hash": "ac5c6baf7822ce8732b343f14c072c4d"
    },
    "hash": {
      "Package": "hash",
      "Version": "2.2.6.1",
      "Source": "Repository",
      "Repository": "CRAN",
      "Hash": "e47c106a3255efe1bea2464f6ad8a865"
    },
    "haven": {
      "Package": "haven",
      "Version": "2.2.0",
      "Source": "Repository",
      "Repository": "CRAN",
      "Hash": "e3f662e125e9fdffd1ee4e94baea3451"
    },
    "highr": {
      "Package": "highr",
      "Version": "0.8",
      "Source": "Repository",
      "Repository": "CRAN",
      "Hash": "4dc5bb88961e347a0f4d8aad597cbfac"
    },
    "hms": {
      "Package": "hms",
      "Version": "0.5.2",
      "Source": "Repository",
      "Repository": "CRAN",
      "Hash": "e8700e1bc2963a77ff8d80f42faa5a46"
    },
    "htmltools": {
      "Package": "htmltools",
      "Version": "0.4.0",
      "Source": "Repository",
      "Repository": "CRAN",
      "Hash": "2d7691222f82f41e93f6d30f169bd5e1"
    },
    "htmlwidgets": {
      "Package": "htmlwidgets",
      "Version": "1.5.1",
      "Source": "Repository",
      "Repository": "CRAN",
      "Hash": "41bace23583fbc25089edae324de2dc3"
    },
    "httpuv": {
      "Package": "httpuv",
      "Version": "1.5.2",
      "Source": "Repository",
      "Repository": "CRAN",
      "Hash": "f793dad2c9ae14fbb1d22f16f23f8326"
    },
    "httr": {
      "Package": "httr",
      "Version": "1.4.1",
      "Source": "Repository",
      "Repository": "CRAN",
      "Hash": "7146fea4685b4252ebf478978c75f597"
    },
    "igraph": {
      "Package": "igraph",
      "Version": "1.2.4.2",
      "Source": "Repository",
      "Repository": "CRAN",
      "Hash": "fffa635f747cd07ffc56bc13a23701e4"
    },
    "iml": {
      "Package": "iml",
      "Version": "0.9.0",
      "Source": "Repository",
      "Repository": "CRAN",
      "Hash": "524f4f9b89b05a586da10452d0278a89"
    },
    "inum": {
      "Package": "inum",
      "Version": "1.0-1",
      "Source": "Repository",
      "Repository": "CRAN",
      "Hash": "69b00eb657cf6230de11f47d93c4f6bf"
    },
    "ipred": {
      "Package": "ipred",
      "Version": "0.9-9",
      "Source": "Repository",
      "Repository": "CRAN",
      "Hash": "816a7f746179f159f8faa87af730f3c1"
    },
    "iterators": {
      "Package": "iterators",
      "Version": "1.0.12",
      "Source": "Repository",
      "Repository": "CRAN",
      "Hash": "117128f48662573ff4c4e72608b9e202"
    },
    "jsonlite": {
      "Package": "jsonlite",
      "Version": "1.6",
      "Source": "Repository",
      "Repository": "CRAN",
      "Hash": "bc5739654d032acf531356e32e0d0f54"
    },
    "kableExtra": {
      "Package": "kableExtra",
      "Version": "1.1.0",
      "Source": "Repository",
      "Repository": "CRAN",
      "Hash": "37e11c605b3c0b7207763beda52c8535"
    },
    "keras": {
      "Package": "keras",
      "Version": "2.2.5.0",
      "Source": "GitHub",
      "RemoteType": "github",
      "RemoteHost": "api.github.com",
      "RemoteRepo": "keras",
      "RemoteUsername": "rstudio",
      "RemoteRef": "master",
      "RemoteSha": "d357c68eb78b17db39fd6e85419b0bee4a31d4ae",
      "Hash": "d45803f5ca49f0dca0176fe0bfde5ff4"
    },
    "knitr": {
      "Package": "knitr",
      "Version": "1.26",
      "Source": "Repository",
      "Repository": "CRAN",
      "Hash": "a1f86bbc39ae43c6ae183223a52527a1"
    },
    "labeling": {
      "Package": "labeling",
      "Version": "0.3",
      "Source": "Repository",
      "Repository": "CRAN",
      "Hash": "73832978c1de350df58108c745ed0e3e"
    },
    "later": {
      "Package": "later",
      "Version": "1.0.0",
      "Source": "Repository",
      "Repository": "CRAN",
      "Hash": "6d927978fc658d24175ce37db635f9e5"
    },
    "lattice": {
      "Package": "lattice",
      "Version": "0.20-38",
      "Source": "Repository",
      "Repository": "CRAN",
      "Hash": "848f8c593fd1050371042d18d152e3d7"
    },
    "lava": {
      "Package": "lava",
      "Version": "1.6.6",
      "Source": "Repository",
      "Repository": "CRAN",
      "Hash": "3aff2b3035122185382c4ec9c500382f"
    },
    "lazyeval": {
      "Package": "lazyeval",
      "Version": "0.2.2",
      "Source": "Repository",
      "Repository": "CRAN",
      "Hash": "d908914ae53b04d4c0c0fd72ecc35370"
    },
    "leaps": {
      "Package": "leaps",
      "Version": "3.0",
      "Source": "Repository",
      "Repository": "CRAN",
      "Hash": "36d5de1dc5fc881820d82207c83fcea8"
    },
    "lhs": {
      "Package": "lhs",
      "Version": "1.0.1",
      "Source": "Repository",
      "Repository": "CRAN",
      "Hash": "43b4afe7aed4a471ab164a5b764f7151"
    },
    "libcoin": {
      "Package": "libcoin",
      "Version": "1.0-5",
      "Source": "Repository",
      "Repository": "CRAN",
      "Hash": "35a239ee95dd0c9e722f1132fa7cc365"
    },
    "lifecycle": {
      "Package": "lifecycle",
      "Version": "0.1.0",
      "Source": "Repository",
      "Repository": "CRAN",
      "Hash": "dc0e9c03b3635ff433b045ce6bf0612d"
    },
    "lime": {
      "Package": "lime",
      "Version": "0.5.1",
      "Source": "Repository",
      "Repository": "CRAN",
      "Hash": "f21079ae605ed2aa1e07ea41bf98d562"
    },
    "lme4": {
      "Package": "lme4",
      "Version": "1.1-21",
      "Source": "Repository",
      "Repository": "CRAN",
      "Hash": "951b57d6afd25bebada4efee4f4c3478"
    },
    "lmtest": {
      "Package": "lmtest",
      "Version": "0.9-37",
      "Source": "Repository",
      "Repository": "CRAN",
      "Hash": "c108129ded5ffdb129064ec1d7ba77d0"
    },
    "lubridate": {
      "Package": "lubridate",
      "Version": "1.7.4",
      "Source": "Repository",
      "Repository": "CRAN",
      "Hash": "796afeea047cda6bdb308d374a33eeb6"
    },
    "magic": {
      "Package": "magic",
      "Version": "1.5-9",
      "Source": "Repository",
      "Repository": "CRAN",
      "Hash": "3b30b8891dd014968eb9950eaf07cfee"
    },
    "magrittr": {
      "Package": "magrittr",
      "Version": "1.5",
      "Source": "Repository",
      "Repository": "CRAN",
      "Hash": "1bb58822a20301cee84a41678e25d9b7"
    },
    "maptools": {
      "Package": "maptools",
      "Version": "0.9-9",
      "Source": "Repository",
      "Repository": "CRAN",
      "Hash": "11f9769cebea9435c02e0b83fc65dd76"
    },
    "markdown": {
      "Package": "markdown",
      "Version": "1.1",
      "Source": "Repository",
      "Repository": "CRAN",
      "Hash": "61e4a10781dd00d7d81dd06ca9b94e95"
    },
    "mboost": {
      "Package": "mboost",
      "Version": "2.9-1",
      "Source": "Repository",
      "Repository": "CRAN",
      "Hash": "c61a6df69bb9890db118f8428fda78a5"
    },
    "mgcv": {
      "Package": "mgcv",
      "Version": "1.8-31",
      "Source": "Repository",
      "Repository": "CRAN",
      "Hash": "4bb7e0c4f3557583e1e8d3c9ffb8ba5c"
    },
    "mime": {
      "Package": "mime",
      "Version": "0.8",
      "Source": "Repository",
      "Repository": "CRAN",
      "Hash": "3d8abfab430c94a15e20eb91f052293f"
    },
    "minqa": {
      "Package": "minqa",
      "Version": "1.2.4",
      "Source": "Repository",
      "Repository": "CRAN",
      "Hash": "eaee7d2a6f3ed4491df868611cb064cc"
    },
    "modelr": {
      "Package": "modelr",
      "Version": "0.1.5",
      "Source": "Repository",
      "Repository": "CRAN",
      "Hash": "4d2fe4fcd8a4cab45fcd0479088c4216"
    },
    "munsell": {
      "Package": "munsell",
      "Version": "0.5.0",
      "Source": "Repository",
      "Repository": "CRAN",
      "Hash": "6dfe8bf774944bd5595785e3229d8771"
    },
    "mvtnorm": {
      "Package": "mvtnorm",
      "Version": "1.0-11",
      "Source": "Repository",
      "Repository": "CRAN",
      "Hash": "fc2710274a168072900ab6ce44bc3b25"
    },
    "naivebayes": {
      "Package": "naivebayes",
      "Version": "0.9.6",
      "Source": "Repository",
      "Repository": "CRAN",
      "Hash": "f8246f40078537123a6d8a31e1b92123"
    },
    "nlme": {
      "Package": "nlme",
      "Version": "3.1-143",
      "Source": "Repository",
      "Repository": "CRAN",
      "Hash": "7518d3b54a24f9291735a25467997858"
    },
    "nloptr": {
      "Package": "nloptr",
      "Version": "1.2.1",
      "Source": "Repository",
      "Repository": "CRAN",
      "Hash": "123f92613e59e1f5671f80f72363ae60"
    },
    "nnet": {
      "Package": "nnet",
      "Version": "7.3-12",
      "Source": "Repository",
      "Repository": "CRAN",
      "Hash": "68287aec1f476c41d16ce1ace445800c"
    },
    "nnls": {
      "Package": "nnls",
      "Version": "1.4",
      "Source": "Repository",
      "Repository": "CRAN",
      "Hash": "e451f3c2946bae5c3e5b8d63f09d186e"
    },
    "numDeriv": {
      "Package": "numDeriv",
      "Version": "2016.8-1.1",
      "Source": "Repository",
      "Repository": "CRAN",
      "Hash": "df58958f293b166e4ab885ebcad90e02"
    },
    "openssl": {
      "Package": "openssl",
      "Version": "1.4.1",
      "Source": "Repository",
      "Repository": "CRAN",
      "Hash": "49f7258fd86ebeaea1df24d9ded00478"
    },
    "openxlsx": {
      "Package": "openxlsx",
      "Version": "4.1.4",
      "Source": "Repository",
      "Repository": "CRAN",
      "Hash": "664378f856aceb385eabbce0f202abd8"
    },
    "partykit": {
      "Package": "partykit",
      "Version": "1.2-5",
      "Source": "Repository",
      "Repository": "CRAN",
      "Hash": "93fbb7b5ee0f4e7364429925d4064ff0"
    },
    "pbkrtest": {
      "Package": "pbkrtest",
      "Version": "0.4-7",
      "Source": "Repository",
      "Repository": "CRAN",
      "Hash": "e82f00720ce2bf002222c623ca5458c3"
    },
    "pcalg": {
      "Package": "pcalg",
      "Version": "2.6-8",
      "Source": "Repository",
      "Repository": "CRAN",
      "Hash": "48396ce5bb2fa9564e797141de258523"
    },
    "pillar": {
      "Package": "pillar",
      "Version": "1.4.3",
      "Source": "Repository",
      "Repository": "CRAN",
      "Hash": "fa3ed60396b6998d0427c57dab90fba4"
    },
    "pkgconfig": {
      "Package": "pkgconfig",
      "Version": "2.0.3",
      "Source": "Repository",
      "Repository": "CRAN",
      "Hash": "01f28d4278f15c76cddbea05899c5d6f"
    },
    "plogr": {
      "Package": "plogr",
      "Version": "0.2.0",
      "Source": "Repository",
      "Repository": "CRAN",
      "Hash": "09eb987710984fc2905c7129c7d85e65"
    },
    "plyr": {
      "Package": "plyr",
      "Version": "1.8.5",
      "Source": "Repository",
      "Repository": "CRAN",
      "Hash": "3f1b0dbcc503320e6e7aae6c3ff87eaa"
    },
    "png": {
      "Package": "png",
      "Version": "0.1-7",
      "Source": "Repository",
      "Repository": "CRAN",
      "Hash": "03b7076c234cb3331288919983326c55"
    },
    "polynom": {
      "Package": "polynom",
      "Version": "1.4-0",
      "Source": "Repository",
      "Repository": "CRAN",
      "Hash": "c396592ecfe9e75cee1013533efafe34"
    },
    "prediction": {
      "Package": "prediction",
      "Version": "0.3.14",
      "Source": "Repository",
      "Repository": "CRAN",
      "Hash": "0711ff44a086709b9b7441267ab303bf"
    },
    "prettyunits": {
      "Package": "prettyunits",
      "Version": "1.0.2",
      "Source": "Repository",
      "Repository": "CRAN",
      "Hash": "f3c960f0105f2ed179460864979fc37c"
    },
    "processx": {
      "Package": "processx",
      "Version": "3.4.1",
      "Source": "Repository",
      "Repository": "CRAN",
      "Hash": "3fcec01e55910997ae663883cc66a989"
    },
    "prodlim": {
      "Package": "prodlim",
      "Version": "2019.11.13",
      "Source": "Repository",
      "Repository": "CRAN",
      "Hash": "c243bf70db3a6631a0c8783152fb7db9"
    },
    "progress": {
      "Package": "progress",
      "Version": "1.2.2",
      "Source": "Repository",
      "Repository": "CRAN",
      "Hash": "14dc9f7a3c91ebb14ec5bb9208a07061"
    },
    "promises": {
      "Package": "promises",
      "Version": "1.1.0",
      "Source": "Repository",
      "Repository": "CRAN",
      "Hash": "efbbe62da4709f7040a380c702bc7103"
    },
    "ps": {
      "Package": "ps",
      "Version": "1.3.0",
      "Source": "Repository",
      "Repository": "CRAN",
      "Hash": "919a32c940a25bc95fd464df9998a6ba"
    },
    "purrr": {
      "Package": "purrr",
      "Version": "0.3.3",
      "Source": "Repository",
      "Repository": "CRAN",
      "Hash": "22aca7d1181718e927d403a8c2d69d62"
    },
    "quadprog": {
      "Package": "quadprog",
      "Version": "1.5-8",
      "Source": "Repository",
      "Repository": "CRAN",
      "Hash": "5f919ae5e7f83a6f91dcf2288943370d"
    },
    "quantmod": {
      "Package": "quantmod",
      "Version": "0.4-15",
      "Source": "Repository",
      "Repository": "CRAN",
      "Hash": "76accb26d776ae7604cdf9e4b6e2ca33"
    },
    "quantreg": {
      "Package": "quantreg",
      "Version": "5.54",
      "Source": "Repository",
      "Repository": "CRAN",
      "Hash": "12895b7bc4cd4f5209aa8ff52f6cf6b3"
    },
    "rBayesianOptimization": {
      "Package": "rBayesianOptimization",
      "Version": "1.1.0",
      "Source": "Repository",
      "Repository": "CRAN",
      "Hash": "f8d1f5480f506887d90dd8811cbf1e3d"
    },
    "randomForest": {
      "Package": "randomForest",
      "Version": "4.6-14",
      "Source": "Repository",
      "Repository": "CRAN",
      "Hash": "6367ba8128568cc5ebf8082e440948e4"
    },
    "readr": {
      "Package": "readr",
      "Version": "1.3.1",
      "Source": "Repository",
      "Repository": "CRAN",
      "Hash": "af8ab99cd936773a148963905736907b"
    },
    "readxl": {
      "Package": "readxl",
      "Version": "1.3.1",
      "Source": "Repository",
      "Repository": "CRAN",
      "Hash": "63537c483c2dbec8d9e3183b3735254a"
    },
    "recipes": {
      "Package": "recipes",
      "Version": "0.1.8",
      "Source": "Repository",
      "Repository": "CRAN",
      "Hash": "8f619e66ffdf1e902d2e1f7ca71bdf5a"
    },
    "rematch": {
      "Package": "rematch",
      "Version": "1.0.1",
      "Source": "Repository",
      "Repository": "CRAN",
      "Hash": "c66b930d20bb6d858cd18e1cebcfae5c"
    },
    "renv": {
      "Package": "renv",
      "Version": "0.9.2",
      "Source": "Repository",
      "Repository": "CRAN",
      "Hash": "5181d5f316c7a6589219866d640e004c"
    },
    "reprex": {
      "Package": "reprex",
      "Version": "0.3.0",
      "Source": "Repository",
      "Repository": "CRAN",
      "Hash": "b06bfb3504cc8a4579fd5567646f745b"
    },
    "reshape2": {
      "Package": "reshape2",
      "Version": "1.4.3",
      "Source": "Repository",
      "Repository": "CRAN",
      "Hash": "15a23ad30f51789188e439599559815c"
    },
    "reticulate": {
      "Package": "reticulate",
      "Version": "1.13",
      "Source": "Repository",
      "Repository": "CRAN",
      "Hash": "b79cab863b9d9c302467f6cf3ab00f6d"
    },
    "rio": {
      "Package": "rio",
      "Version": "0.5.16",
      "Source": "Repository",
      "Repository": "CRAN",
      "Hash": "4a9aecbe83639be364de13ffe0671bcf"
    },
    "rlang": {
      "Package": "rlang",
      "Version": "0.4.2",
      "Source": "Repository",
      "Repository": "CRAN",
      "Hash": "ff31d958a041593f58ba04fc637d90dd"
    },
    "rmarkdown": {
      "Package": "rmarkdown",
      "Version": "2.0",
      "Source": "Repository",
      "Repository": "CRAN",
      "Hash": "745a60d9256842b1abae2dcf7b64ebc1"
    },
    "robustbase": {
      "Package": "robustbase",
      "Version": "0.93-5",
      "Source": "Repository",
      "Repository": "CRAN",
      "Hash": "0a3d03e70d10dd986398fe47efad4dab"
    },
    "rpart": {
      "Package": "rpart",
      "Version": "4.1-15",
      "Source": "Repository",
      "Repository": "CRAN",
      "Hash": "9787c1fcb680e655d062e7611cadf78e"
    },
    "rpart.plot": {
      "Package": "rpart.plot",
      "Version": "3.0.8",
      "Source": "Repository",
      "Repository": "CRAN",
      "Hash": "2875d540fb4b5ef80dc1b5a796d488ec"
    },
    "rstudioapi": {
      "Package": "rstudioapi",
      "Version": "0.10",
      "Source": "Repository",
      "Repository": "CRAN",
      "Hash": "da31c988698b91fdf6a3e2317679d6cb"
    },
    "rvest": {
      "Package": "rvest",
      "Version": "0.3.5",
      "Source": "Repository",
      "Repository": "CRAN",
      "Hash": "6a20c2cdf133ebc7ac45888c9ccc052b"
    },
    "scales": {
      "Package": "scales",
      "Version": "1.1.0",
      "Source": "Repository",
      "Repository": "CRAN",
      "Hash": "a1c68369c629ea3188d0676e37069c65"
    },
    "scatterplot3d": {
      "Package": "scatterplot3d",
      "Version": "0.3-41",
      "Source": "Repository",
      "Repository": "CRAN",
      "Hash": "0d3e8c286b735517c2df4ed48848e732"
    },
    "selectr": {
      "Package": "selectr",
      "Version": "0.4-2",
      "Source": "Repository",
      "Repository": "CRAN",
      "Hash": "3838071b66e0c566d55cc26bd6e27bf4"
    },
    "sfsmisc": {
      "Package": "sfsmisc",
      "Version": "1.1-4",
      "Source": "Repository",
      "Repository": "CRAN",
      "Hash": "dd25e24b2a3f9c25f60948564465dcbd"
    },
    "shiny": {
      "Package": "shiny",
      "Version": "1.4.0",
      "Source": "Repository",
      "Repository": "CRAN",
      "Hash": "6ca23724bb2c804c1d0b3db4862a39c7"
    },
    "shinythemes": {
      "Package": "shinythemes",
      "Version": "1.1.2",
      "Source": "Repository",
      "Repository": "CRAN",
      "Hash": "8f047210d7d68ea4860a3c0d8cced272"
    },
    "sourcetools": {
      "Package": "sourcetools",
      "Version": "0.1.7",
      "Source": "Repository",
      "Repository": "CRAN",
      "Hash": "947e4e02a79effa5d512473e10f41797"
    },
    "sp": {
      "Package": "sp",
      "Version": "1.3-2",
      "Source": "Repository",
      "Repository": "CRAN",
      "Hash": "803f04b858b8520ac243d38e09741de6"
    },
    "spBayes": {
      "Package": "spBayes",
      "Version": "0.4-2",
      "Source": "Repository",
      "Repository": "CRAN",
      "Hash": "56f06c0a62096be04f0243f19b0caa31"
    },
    "stabs": {
      "Package": "stabs",
      "Version": "0.6-3",
      "Source": "Repository",
      "Repository": "CRAN",
      "Hash": "ce28f83d53c24555446cec9665c38e01"
    },
    "stringi": {
      "Package": "stringi",
      "Version": "1.4.3",
      "Source": "Repository",
      "Repository": "CRAN",
      "Hash": "74a50760af835563fb2c124e66aa134e"
    },
    "stringr": {
      "Package": "stringr",
      "Version": "1.4.0",
      "Source": "Repository",
      "Repository": "CRAN",
      "Hash": "0759e6b6c0957edb1311028a49a35e76"
    },
    "survival": {
      "Package": "survival",
      "Version": "3.1-8",
      "Source": "Repository",
      "Repository": "CRAN",
      "Hash": "ad25122f95d04988f6f79d69aaadd53d"
    },
    "sys": {
      "Package": "sys",
      "Version": "3.3",
      "Source": "Repository",
      "Repository": "CRAN",
      "Hash": "507f3116a38d37ad330a038b3be07b66"
    },
    "tensorflow": {
      "Package": "tensorflow",
      "Version": "2.0.0",
      "Source": "GitHub",
      "RemoteType": "github",
      "RemoteHost": "api.github.com",
      "RemoteRepo": "tensorflow",
      "RemoteUsername": "rstudio",
      "RemoteRef": "master",
      "RemoteSha": "e4e01f108f41d9094bfbfd4393a19233911be602",
      "Hash": "7b33525735658f285e327f91a93824d1"
    },
    "tfruns": {
      "Package": "tfruns",
      "Version": "1.4",
      "Source": "Repository",
      "Repository": "CRAN",
      "Hash": "ca89f75e59187aaadf658645118e3935"
    },
    "tibble": {
      "Package": "tibble",
      "Version": "2.1.3",
      "Source": "Repository",
      "Repository": "CRAN",
      "Hash": "8248ee35d1e15d1e506f05f5a5d46a75"
    },
    "tidyr": {
      "Package": "tidyr",
      "Version": "1.0.0",
      "Source": "Repository",
      "Repository": "CRAN",
      "Hash": "8187ca2c27e80978f5b143bec554a437"
    },
    "tidyselect": {
      "Package": "tidyselect",
      "Version": "0.2.5",
      "Source": "Repository",
      "Repository": "CRAN",
      "Hash": "971842fead8ee9e150495a0ede343a98"
    },
    "tidyverse": {
      "Package": "tidyverse",
      "Version": "1.3.0",
      "Source": "Repository",
      "Repository": "CRAN",
      "Hash": "bd51be662f359fa99021f3d51e911490"
    },
    "timeDate": {
      "Package": "timeDate",
      "Version": "3043.102",
      "Source": "Repository",
      "Repository": "CRAN",
      "Hash": "fde4fc571f5f61978652c229d4713845"
    },
    "tinytex": {
      "Package": "tinytex",
      "Version": "0.18",
      "Source": "Repository",
      "Repository": "CRAN",
      "Hash": "e2ce80882682180c2b5f86d2b47c9951"
    },
    "tseries": {
      "Package": "tseries",
      "Version": "0.10-47",
      "Source": "Repository",
      "Repository": "CRAN",
      "Hash": "35ddfebb7e520955418f9dde02ca345d"
    },
    "urca": {
      "Package": "urca",
      "Version": "1.3-0",
      "Source": "Repository",
      "Repository": "CRAN",
      "Hash": "7e54e92d0362b977e26dd5a5a3a263a1"
    },
    "utf8": {
      "Package": "utf8",
      "Version": "1.1.4",
      "Source": "Repository",
      "Repository": "CRAN",
      "Hash": "4a5081acfb7b81a572e4384a7aaf2af1"
    },
    "vcd": {
      "Package": "vcd",
      "Version": "1.4-4",
      "Source": "Repository",
      "Repository": "CRAN",
      "Hash": "ea380e6ee8787051bf3605650ae68cb8"
    },
    "vctrs": {
      "Package": "vctrs",
      "Version": "0.2.1",
      "Source": "Repository",
      "Repository": "CRAN",
      "Hash": "5c2d0fe441406cba811b46708ea28e41"
    },
    "viridis": {
      "Package": "viridis",
      "Version": "0.5.1",
      "Source": "Repository",
      "Repository": "CRAN",
      "Hash": "6f6b49e5b3b5ee5a6d0c28bf1b4b9eb3"
    },
    "viridisLite": {
      "Package": "viridisLite",
      "Version": "0.3.0",
      "Source": "Repository",
      "Repository": "CRAN",
      "Hash": "ce4f6271baa94776db692f1cb2055bee"
    },
    "webshot": {
      "Package": "webshot",
      "Version": "0.5.2",
      "Source": "Repository",
      "Repository": "CRAN",
      "Hash": "e99d80ad34457a4853674e89d5e806de"
    },
    "whisker": {
      "Package": "whisker",
      "Version": "0.4",
      "Source": "Repository",
      "Repository": "CRAN",
      "Hash": "ca970b96d894e90397ed20637a0c1bbe"
    },
    "withr": {
      "Package": "withr",
      "Version": "2.1.2",
      "Source": "Repository",
      "Repository": "CRAN",
      "Hash": "aa57ed55ff2df4bea697a07df528993d"
    },
    "xfun": {
      "Package": "xfun",
      "Version": "0.11",
      "Source": "Repository",
      "Repository": "CRAN",
      "Hash": "9ec720c772e46177f8a78792939f4bef"
    },
    "xgboost": {
      "Package": "xgboost",
      "Version": "0.90.0.2",
      "Source": "Repository",
      "Repository": "CRAN",
      "Hash": "1f29db60e440a590f98511b44595f0f3"
    },
    "xml2": {
      "Package": "xml2",
      "Version": "1.2.2",
      "Source": "Repository",
      "Repository": "CRAN",
      "Hash": "63ad35854e01d8b59ca18095b5145bb7"
    },
    "xtable": {
      "Package": "xtable",
      "Version": "1.8-4",
      "Source": "Repository",
      "Repository": "CRAN",
      "Hash": "b8acdf8af494d9ec19ccb2481a9b11c2"
    },
    "xts": {
      "Package": "xts",
      "Version": "0.11-2",
      "Source": "Repository",
      "Repository": "CRAN",
      "Hash": "4322d0b1ed0dc74b2f9ae24b751f72de"
    },
    "yaImpute": {
      "Package": "yaImpute",
      "Version": "1.0-31",
      "Source": "Repository",
      "Repository": "CRAN",
      "Hash": "c83fdc20bd588942fd67d628fe6b4a58"
    },
    "yaml": {
      "Package": "yaml",
      "Version": "2.2.0",
      "Source": "Repository",
      "Repository": "CRAN",
      "Hash": "c78bdf1d16bd4ec7ecc86c6986d53309"
    },
    "zeallot": {
      "Package": "zeallot",
      "Version": "0.1.0",
      "Source": "Repository",
      "Repository": "CRAN",
      "Hash": "ee9b643aa8331c45d8d82eb3a137c9bc"
    },
    "zip": {
      "Package": "zip",
      "Version": "2.0.4",
      "Source": "Repository",
      "Repository": "CRAN",
      "Hash": "caa73cdca1a87e5f2617915c8809f207"
    },
    "zoo": {
      "Package": "zoo",
      "Version": "1.8-6",
      "Source": "Repository",
      "Repository": "CRAN",
      "Hash": "d6d8d8c2b5f0c309dfa8caf9a27a61e2"
    }
  }
}
